
Microsoft Visual Studio Solution File, Format Version 12.00
# Visual Studio Version 17
VisualStudioVersion = 17.10.34916.146
MinimumVisualStudioVersion = 10.0.40219.1
Project("{FAE04EC0-301F-11D3-BF4B-00C04F79EFBC}") = "BookingWebApi", "BookingWebApi\BookingWebApi.csproj", "{52101443-7A69-44C0-8360-52780B44EBC6}"
EndProject
Project("{FAE04EC0-301F-11D3-BF4B-00C04F79EFBC}") = "BookingWebApi.Application", "BookingWebApi.Application\BookingWebApi.Application.csproj", "{7056FD9C-E0F2-4666-AA58-D9511EBEED80}"
EndProject
Project("{FAE04EC0-301F-11D3-BF4B-00C04F79EFBC}") = "BookingWebApi.Domain", "BookingWebApi.Domain\BookingWebApi.Domain.csproj", "{D2BD8788-0A18-46E5-803F-45ACC7719EC6}"
EndProject
Project("{FAE04EC0-301F-11D3-BF4B-00C04F79EFBC}") = "BookingWebApi.Infrastructure", "BookingWebApi.Infrastructure\BookingWebApi.Infrastructure.csproj", "{1B7ED6AD-57CF-4000-B9A5-38FFACF0B942}"
EndProject
Project("{FAE04EC0-301F-11D3-BF4B-00C04F79EFBC}") = "BookingWebApi.Tests", "BookingWebApi.Tests\BookingWebApi.Tests.csproj", "{896EEE97-69FD-4D2C-AA2F-860131AE35FC}"
EndProject
Global
	GlobalSection(SolutionConfigurationPlatforms) = preSolution
		Debug|Any CPU = Debug|Any CPU
		Release|Any CPU = Release|Any CPU
	EndGlobalSection
	GlobalSection(ProjectConfigurationPlatforms) = postSolution
		{52101443-7A69-44C0-8360-52780B44EBC6}.Debug|Any CPU.ActiveCfg = Debug|Any CPU
		{52101443-7A69-44C0-8360-52780B44EBC6}.Debug|Any CPU.Build.0 = Debug|Any CPU
		{52101443-7A69-44C0-8360-52780B44EBC6}.Release|Any CPU.ActiveCfg = Release|Any CPU
		{52101443-7A69-44C0-8360-52780B44EBC6}.Release|Any CPU.Build.0 = Release|Any CPU
		{7056FD9C-E0F2-4666-AA58-D9511EBEED80}.Debug|Any CPU.ActiveCfg = Debug|Any CPU
		{7056FD9C-E0F2-4666-AA58-D9511EBEED80}.Debug|Any CPU.Build.0 = Debug|Any CPU
		{7056FD9C-E0F2-4666-AA58-D9511EBEED80}.Release|Any CPU.ActiveCfg = Release|Any CPU
		{7056FD9C-E0F2-4666-AA58-D9511EBEED80}.Release|Any CPU.Build.0 = Release|Any CPU
		{D2BD8788-0A18-46E5-803F-45ACC7719EC6}.Debug|Any CPU.ActiveCfg = Debug|Any CPU
		{D2BD8788-0A18-46E5-803F-45ACC7719EC6}.Debug|Any CPU.Build.0 = Debug|Any CPU
		{D2BD8788-0A18-46E5-803F-45ACC7719EC6}.Release|Any CPU.ActiveCfg = Release|Any CPU
		{D2BD8788-0A18-46E5-803F-45ACC7719EC6}.Release|Any CPU.Build.0 = Release|Any CPU
		{1B7ED6AD-57CF-4000-B9A5-38FFACF0B942}.Debug|Any CPU.ActiveCfg = Debug|Any CPU
		{1B7ED6AD-57CF-4000-B9A5-38FFACF0B942}.Debug|Any CPU.Build.0 = Debug|Any CPU
		{1B7ED6AD-57CF-4000-B9A5-38FFACF0B942}.Release|Any CPU.ActiveCfg = Release|Any CPU
		{1B7ED6AD-57CF-4000-B9A5-38FFACF0B942}.Release|Any CPU.Build.0 = Release|Any CPU
		{896EEE97-69FD-4D2C-AA2F-860131AE35FC}.Debug|Any CPU.ActiveCfg = Debug|Any CPU
		{896EEE97-69FD-4D2C-AA2F-860131AE35FC}.Debug|Any CPU.Build.0 = Debug|Any CPU
		{896EEE97-69FD-4D2C-AA2F-860131AE35FC}.Release|Any CPU.ActiveCfg = Release|Any CPU
		{896EEE97-69FD-4D2C-AA2F-860131AE35FC}.Release|Any CPU.Build.0 = Release|Any CPU
	EndGlobalSection
	GlobalSection(SolutionProperties) = preSolution
		HideSolutionNode = FALSE
	EndGlobalSection
	GlobalSection(ExtensibilityGlobals) = postSolution
		SolutionGuid = {99BAA0D2-510D-48FF-952F-AB56F3C6DCBF}
	EndGlobalSection
EndGlobal
