
Microsoft Visual Studio Solution File, Format Version 12.00
# Visual Studio Version 17
VisualStudioVersion = 17.10.34916.146
MinimumVisualStudioVersion = 10.0.40219.1
Project("{FAE04EC0-301F-11D3-BF4B-00C04F79EFBC}") = "BookingWebApi", "BookingWebApi\BookingWebApi.csproj", "{52101443-7A69-44C0-8360-52780B44EBC6}"
EndProject
Project("{FAE04EC0-301F-11D3-BF4B-00C04F79EFBC}") = "BookingWebApi.Application", "BookingWebApi.Application\BookingWebApi.Application.csproj", "{7056FD9C-E0F2-4666-AA58-D9511EBEED80}"
EndProject
Project("{FAE04EC0-301F-11D3-BF4B-00C04F79EFBC}") = "BookingWebApi.Domain", "BookingWebApi.Domain\BookingWebApi.Domain.csproj", "{D2BD8788-0A18-46E5-803F-45ACC7719EC6}"
EndProject
Project("{FAE04EC0-301F-11D3-BF4B-00C04F79EFBC}") = "BookingWebApi.Infrastructure", "BookingWebApi.Infrastructure\BookingWebApi.Infrastructure.csproj", "{1B7ED6AD-57CF-4000-B9A5-38FFACF0B942}"
EndProject
Project("{FAE04EC0-301F-11D3-BF4B-00C04F79EFBC}") = "BookingWebApi.Tests", "BookingWebApi.Tests\BookingWebApi.Tests.csproj", "{896EEE97-69FD-4D2C-AA2F-860131AE35FC}"
EndProject
Project("{FAE04EC0-301F-11D3-BF4B-00C04F79EFBC}") = "Migrator", "Migrator\Migrator.csproj", "{D250BAFE-5739-45B6-95ED-EBAE8746A2F1}"
EndProject
Project("{2150E333-8FDC-42A3-9474-1A3956D46DE8}") = "Monolith", "Monolith", "{9251C404-DE63-40CE-B8FF-BF3DD8CBFC33}"
EndProject
Project("{2150E333-8FDC-42A3-9474-1A3956D46DE8}") = "Audit", "Audit", "{E0E2ED5F-3599-458B-82CB-5993130BCF4F}"
EndProject
Project("{2150E333-8FDC-42A3-9474-1A3956D46DE8}") = "Shared", "Shared", "{8B9186E5-F8FA-42D0-A60B-0481AE9628DE}"
EndProject
Project("{FAE04EC0-301F-11D3-BF4B-00C04F79EFBC}") = "AuditWebApi", "AuditWebApi\AuditWebApi.csproj", "{EFD46B08-C8F7-41F6-9065-F67DADA850A0}"
EndProject
Project("{FAE04EC0-301F-11D3-BF4B-00C04F79EFBC}") = "AuditWebApi.Application", "AuditWebApi.Application\AuditWebApi.Application.csproj", "{6BA0BB91-7951-4727-90CD-889384731C6F}"
EndProject
Project("{FAE04EC0-301F-11D3-BF4B-00C04F79EFBC}") = "AuditWebApi.Domain", "AuditWebApi.Domain\AuditWebApi.Domain.csproj", "{121925ED-BB5A-438F-BB76-1DB65775FAF9}"
EndProject
Project("{FAE04EC0-301F-11D3-BF4B-00C04F79EFBC}") = "AuditWebApi.Infrastructure", "AuditWebApi.Infrastructure\AuditWebApi.Infrastructure.csproj", "{55E79438-FE5F-4386-A793-9447B676B5F3}"
EndProject
Project("{FAE04EC0-301F-11D3-BF4B-00C04F79EFBC}") = "Mongo", "Mongo\Mongo.csproj", "{084D6EC3-3EBA-4D08-9E34-3D3D97E7F73E}"
EndProject
Project("{FAE04EC0-301F-11D3-BF4B-00C04F79EFBC}") = "Kafka", "Kafka\Kafka.csproj", "{DBC8F808-8AA2-4424-AE1F-6082114F8EDA}"
EndProject
Project("{FAE04EC0-301F-11D3-BF4B-00C04F79EFBC}") = "Contracts", "Contracts\Contracts.csproj", "{6C60A422-A862-4BE3-9B8B-6C9E0535FB95}"
EndProject
Project("{FAE04EC0-301F-11D3-BF4B-00C04F79EFBC}") = "Response", "Response\Response.csproj", "{07AADFEF-FA98-4020-8A5E-21EA8DBCC59B}"
EndProject
Project("{FAE04EC0-301F-11D3-BF4B-00C04F79EFBC}") = "Getaway", "Getaway\Getaway.csproj", "{EE67079C-0883-4177-BFCA-744C038BDF94}"
EndProject
Global
	GlobalSection(SolutionConfigurationPlatforms) = preSolution
		Debug|Any CPU = Debug|Any CPU
		Release|Any CPU = Release|Any CPU
	EndGlobalSection
	GlobalSection(ProjectConfigurationPlatforms) = postSolution
		{52101443-7A69-44C0-8360-52780B44EBC6}.Debug|Any CPU.ActiveCfg = Debug|Any CPU
		{52101443-7A69-44C0-8360-52780B44EBC6}.Debug|Any CPU.Build.0 = Debug|Any CPU
		{52101443-7A69-44C0-8360-52780B44EBC6}.Release|Any CPU.ActiveCfg = Release|Any CPU
		{52101443-7A69-44C0-8360-52780B44EBC6}.Release|Any CPU.Build.0 = Release|Any CPU
		{7056FD9C-E0F2-4666-AA58-D9511EBEED80}.Debug|Any CPU.ActiveCfg = Debug|Any CPU
		{7056FD9C-E0F2-4666-AA58-D9511EBEED80}.Debug|Any CPU.Build.0 = Debug|Any CPU
		{7056FD9C-E0F2-4666-AA58-D9511EBEED80}.Release|Any CPU.ActiveCfg = Release|Any CPU
		{7056FD9C-E0F2-4666-AA58-D9511EBEED80}.Release|Any CPU.Build.0 = Release|Any CPU
		{D2BD8788-0A18-46E5-803F-45ACC7719EC6}.Debug|Any CPU.ActiveCfg = Debug|Any CPU
		{D2BD8788-0A18-46E5-803F-45ACC7719EC6}.Debug|Any CPU.Build.0 = Debug|Any CPU
		{D2BD8788-0A18-46E5-803F-45ACC7719EC6}.Release|Any CPU.ActiveCfg = Release|Any CPU
		{D2BD8788-0A18-46E5-803F-45ACC7719EC6}.Release|Any CPU.Build.0 = Release|Any CPU
		{1B7ED6AD-57CF-4000-B9A5-38FFACF0B942}.Debug|Any CPU.ActiveCfg = Debug|Any CPU
		{1B7ED6AD-57CF-4000-B9A5-38FFACF0B942}.Debug|Any CPU.Build.0 = Debug|Any CPU
		{1B7ED6AD-57CF-4000-B9A5-38FFACF0B942}.Release|Any CPU.ActiveCfg = Release|Any CPU
		{1B7ED6AD-57CF-4000-B9A5-38FFACF0B942}.Release|Any CPU.Build.0 = Release|Any CPU
		{896EEE97-69FD-4D2C-AA2F-860131AE35FC}.Debug|Any CPU.ActiveCfg = Debug|Any CPU
		{896EEE97-69FD-4D2C-AA2F-860131AE35FC}.Debug|Any CPU.Build.0 = Debug|Any CPU
		{896EEE97-69FD-4D2C-AA2F-860131AE35FC}.Release|Any CPU.ActiveCfg = Release|Any CPU
		{896EEE97-69FD-4D2C-AA2F-860131AE35FC}.Release|Any CPU.Build.0 = Release|Any CPU
		{D250BAFE-5739-45B6-95ED-EBAE8746A2F1}.Debug|Any CPU.ActiveCfg = Debug|Any CPU
		{D250BAFE-5739-45B6-95ED-EBAE8746A2F1}.Debug|Any CPU.Build.0 = Debug|Any CPU
		{D250BAFE-5739-45B6-95ED-EBAE8746A2F1}.Release|Any CPU.ActiveCfg = Release|Any CPU
		{D250BAFE-5739-45B6-95ED-EBAE8746A2F1}.Release|Any CPU.Build.0 = Release|Any CPU
		{EFD46B08-C8F7-41F6-9065-F67DADA850A0}.Debug|Any CPU.ActiveCfg = Debug|Any CPU
		{EFD46B08-C8F7-41F6-9065-F67DADA850A0}.Debug|Any CPU.Build.0 = Debug|Any CPU
		{EFD46B08-C8F7-41F6-9065-F67DADA850A0}.Release|Any CPU.ActiveCfg = Release|Any CPU
		{EFD46B08-C8F7-41F6-9065-F67DADA850A0}.Release|Any CPU.Build.0 = Release|Any CPU
		{6BA0BB91-7951-4727-90CD-889384731C6F}.Debug|Any CPU.ActiveCfg = Debug|Any CPU
		{6BA0BB91-7951-4727-90CD-889384731C6F}.Debug|Any CPU.Build.0 = Debug|Any CPU
		{6BA0BB91-7951-4727-90CD-889384731C6F}.Release|Any CPU.ActiveCfg = Release|Any CPU
		{6BA0BB91-7951-4727-90CD-889384731C6F}.Release|Any CPU.Build.0 = Release|Any CPU
		{121925ED-BB5A-438F-BB76-1DB65775FAF9}.Debug|Any CPU.ActiveCfg = Debug|Any CPU
		{121925ED-BB5A-438F-BB76-1DB65775FAF9}.Debug|Any CPU.Build.0 = Debug|Any CPU
		{121925ED-BB5A-438F-BB76-1DB65775FAF9}.Release|Any CPU.ActiveCfg = Release|Any CPU
		{121925ED-BB5A-438F-BB76-1DB65775FAF9}.Release|Any CPU.Build.0 = Release|Any CPU
		{55E79438-FE5F-4386-A793-9447B676B5F3}.Debug|Any CPU.ActiveCfg = Debug|Any CPU
		{55E79438-FE5F-4386-A793-9447B676B5F3}.Debug|Any CPU.Build.0 = Debug|Any CPU
		{55E79438-FE5F-4386-A793-9447B676B5F3}.Release|Any CPU.ActiveCfg = Release|Any CPU
		{55E79438-FE5F-4386-A793-9447B676B5F3}.Release|Any CPU.Build.0 = Release|Any CPU
		{084D6EC3-3EBA-4D08-9E34-3D3D97E7F73E}.Debug|Any CPU.ActiveCfg = Debug|Any CPU
		{084D6EC3-3EBA-4D08-9E34-3D3D97E7F73E}.Debug|Any CPU.Build.0 = Debug|Any CPU
		{084D6EC3-3EBA-4D08-9E34-3D3D97E7F73E}.Release|Any CPU.ActiveCfg = Release|Any CPU
		{084D6EC3-3EBA-4D08-9E34-3D3D97E7F73E}.Release|Any CPU.Build.0 = Release|Any CPU
		{DBC8F808-8AA2-4424-AE1F-6082114F8EDA}.Debug|Any CPU.ActiveCfg = Debug|Any CPU
		{DBC8F808-8AA2-4424-AE1F-6082114F8EDA}.Debug|Any CPU.Build.0 = Debug|Any CPU
		{DBC8F808-8AA2-4424-AE1F-6082114F8EDA}.Release|Any CPU.ActiveCfg = Release|Any CPU
		{DBC8F808-8AA2-4424-AE1F-6082114F8EDA}.Release|Any CPU.Build.0 = Release|Any CPU
		{6C60A422-A862-4BE3-9B8B-6C9E0535FB95}.Debug|Any CPU.ActiveCfg = Debug|Any CPU
		{6C60A422-A862-4BE3-9B8B-6C9E0535FB95}.Debug|Any CPU.Build.0 = Debug|Any CPU
		{6C60A422-A862-4BE3-9B8B-6C9E0535FB95}.Release|Any CPU.ActiveCfg = Release|Any CPU
		{6C60A422-A862-4BE3-9B8B-6C9E0535FB95}.Release|Any CPU.Build.0 = Release|Any CPU
		{07AADFEF-FA98-4020-8A5E-21EA8DBCC59B}.Debug|Any CPU.ActiveCfg = Debug|Any CPU
		{07AADFEF-FA98-4020-8A5E-21EA8DBCC59B}.Debug|Any CPU.Build.0 = Debug|Any CPU
		{07AADFEF-FA98-4020-8A5E-21EA8DBCC59B}.Release|Any CPU.ActiveCfg = Release|Any CPU
		{07AADFEF-FA98-4020-8A5E-21EA8DBCC59B}.Release|Any CPU.Build.0 = Release|Any CPU
		{EE67079C-0883-4177-BFCA-744C038BDF94}.Debug|Any CPU.ActiveCfg = Debug|Any CPU
		{EE67079C-0883-4177-BFCA-744C038BDF94}.Debug|Any CPU.Build.0 = Debug|Any CPU
		{EE67079C-0883-4177-BFCA-744C038BDF94}.Release|Any CPU.ActiveCfg = Release|Any CPU
		{EE67079C-0883-4177-BFCA-744C038BDF94}.Release|Any CPU.Build.0 = Release|Any CPU
	EndGlobalSection
	GlobalSection(SolutionProperties) = preSolution
		HideSolutionNode = FALSE
	EndGlobalSection
	GlobalSection(NestedProjects) = preSolution
		{52101443-7A69-44C0-8360-52780B44EBC6} = {9251C404-DE63-40CE-B8FF-BF3DD8CBFC33}
		{7056FD9C-E0F2-4666-AA58-D9511EBEED80} = {9251C404-DE63-40CE-B8FF-BF3DD8CBFC33}
		{D2BD8788-0A18-46E5-803F-45ACC7719EC6} = {9251C404-DE63-40CE-B8FF-BF3DD8CBFC33}
		{1B7ED6AD-57CF-4000-B9A5-38FFACF0B942} = {9251C404-DE63-40CE-B8FF-BF3DD8CBFC33}
		{896EEE97-69FD-4D2C-AA2F-860131AE35FC} = {9251C404-DE63-40CE-B8FF-BF3DD8CBFC33}
		{D250BAFE-5739-45B6-95ED-EBAE8746A2F1} = {9251C404-DE63-40CE-B8FF-BF3DD8CBFC33}
		{EFD46B08-C8F7-41F6-9065-F67DADA850A0} = {E0E2ED5F-3599-458B-82CB-5993130BCF4F}
		{6BA0BB91-7951-4727-90CD-889384731C6F} = {E0E2ED5F-3599-458B-82CB-5993130BCF4F}
		{121925ED-BB5A-438F-BB76-1DB65775FAF9} = {E0E2ED5F-3599-458B-82CB-5993130BCF4F}
		{55E79438-FE5F-4386-A793-9447B676B5F3} = {E0E2ED5F-3599-458B-82CB-5993130BCF4F}
		{084D6EC3-3EBA-4D08-9E34-3D3D97E7F73E} = {8B9186E5-F8FA-42D0-A60B-0481AE9628DE}
		{DBC8F808-8AA2-4424-AE1F-6082114F8EDA} = {8B9186E5-F8FA-42D0-A60B-0481AE9628DE}
		{6C60A422-A862-4BE3-9B8B-6C9E0535FB95} = {8B9186E5-F8FA-42D0-A60B-0481AE9628DE}
		{07AADFEF-FA98-4020-8A5E-21EA8DBCC59B} = {8B9186E5-F8FA-42D0-A60B-0481AE9628DE}
	EndGlobalSection
	GlobalSection(ExtensibilityGlobals) = postSolution
		SolutionGuid = {99BAA0D2-510D-48FF-952F-AB56F3C6DCBF}
	EndGlobalSection
EndGlobal
